
Microsoft Visual Studio Solution File, Format Version 12.00
# Visual Studio Version 17
VisualStudioVersion = 17.6.33717.318
MinimumVisualStudioVersion = 10.0.40219.1
Project("{FAE04EC0-301F-11D3-BF4B-00C04F79EFBC}") = "uri1036(aula 34)", "uri1036(aula 34)\uri1036(aula 34).csproj", "{59CB4302-F1B1-4B5E-90FC-BC14D9B61C8A}"
EndProject
Global
	GlobalSection(SolutionConfigurationPlatforms) = preSolution
		Debug|Any CPU = Debug|Any CPU
		Release|Any CPU = Release|Any CPU
	EndGlobalSection
	GlobalSection(ProjectConfigurationPlatforms) = postSolution
		{59CB4302-F1B1-4B5E-90FC-BC14D9B61C8A}.Debug|Any CPU.ActiveCfg = Debug|Any CPU
		{59CB4302-F1B1-4B5E-90FC-BC14D9B61C8A}.Debug|Any CPU.Build.0 = Debug|Any CPU
		{59CB4302-F1B1-4B5E-90FC-BC14D9B61C8A}.Release|Any CPU.ActiveCfg = Release|Any CPU
		{59CB4302-F1B1-4B5E-90FC-BC14D9B61C8A}.Release|Any CPU.Build.0 = Release|Any CPU
	EndGlobalSection
	GlobalSection(SolutionProperties) = preSolution
		HideSolutionNode = FALSE
	EndGlobalSection
	GlobalSection(ExtensibilityGlobals) = postSolution
		SolutionGuid = {E8CB4438-C6CD-408E-9F43-9BEB4333939A}
	EndGlobalSection
EndGlobal
