
Microsoft Visual Studio Solution File, Format Version 12.00
# Visual Studio Version 17
VisualStudioVersion = 17.6.33717.318
MinimumVisualStudioVersion = 10.0.40219.1
Project("{FAE04EC0-301F-11D3-BF4B-00C04F79EFBC}") = "uri 1038", "uri 1038\uri 1038.csproj", "{86ECEE28-685D-4E4F-8393-8A1A0E75CEAB}"
EndProject
Global
	GlobalSection(SolutionConfigurationPlatforms) = preSolution
		Debug|Any CPU = Debug|Any CPU
		Release|Any CPU = Release|Any CPU
	EndGlobalSection
	GlobalSection(ProjectConfigurationPlatforms) = postSolution
		{86ECEE28-685D-4E4F-8393-8A1A0E75CEAB}.Debug|Any CPU.ActiveCfg = Debug|Any CPU
		{86ECEE28-685D-4E4F-8393-8A1A0E75CEAB}.Debug|Any CPU.Build.0 = Debug|Any CPU
		{86ECEE28-685D-4E4F-8393-8A1A0E75CEAB}.Release|Any CPU.ActiveCfg = Release|Any CPU
		{86ECEE28-685D-4E4F-8393-8A1A0E75CEAB}.Release|Any CPU.Build.0 = Release|Any CPU
	EndGlobalSection
	GlobalSection(SolutionProperties) = preSolution
		HideSolutionNode = FALSE
	EndGlobalSection
	GlobalSection(ExtensibilityGlobals) = postSolution
		SolutionGuid = {218EB116-0642-46A4-9686-CA2F6D4B74A3}
	EndGlobalSection
EndGlobal
